<?xml version="1.0" encoding="utf-8"?>
<Project ToolsVersion="4.0" xmlns="http://schemas.microsoft.com/developer/msbuild/2003">
  <ItemGroup>
    <Filter Include="ソース ファイル">
      <UniqueIdentifier>{4FC737F1-C7A5-4376-A066-2A32D752A2FF}</UniqueIdentifier>
      <Extensions>cpp;c;cc;cxx;def;odl;idl;hpj;bat;asm;asmx</Extensions>
    </Filter>
    <Filter Include="ヘッダー ファイル">
      <UniqueIdentifier>{93995380-89BD-4b04-88EB-625FBE52EBFB}</UniqueIdentifier>
      <Extensions>h;hh;hpp;hxx;hm;inl;inc;ipp;xsd</Extensions>
    </Filter>
    <Filter Include="リソース ファイル">
      <UniqueIdentifier>{67DA6AB6-F800-4c08-8B7A-83BB121AAD01}</UniqueIdentifier>
      <Extensions>rc;ico;cur;bmp;dlg;rc2;rct;bin;rgs;gif;jpg;jpeg;jpe;resx;tiff;tif;png;wav;mfcribbon-ms</Extensions>
    </Filter>
    <Filter Include="ソース ファイル\System">
      <UniqueIdentifier>{bdfd8ad3-0b10-4ba2-ae2d-89c77582b5b7}</UniqueIdentifier>
    </Filter>
    <Filter Include="ヘッダー ファイル\System">
      <UniqueIdentifier>{f6743622-890e-426e-90ae-3d2bfdc0f6a9}</UniqueIdentifier>
    </Filter>
    <Filter Include="リソース ファイル\hlsl">
      <UniqueIdentifier>{7b81f225-cd94-450b-9fb2-6efacae0d0f6}</UniqueIdentifier>
    </Filter>
    <Filter Include="リソース ファイル\ImGui">
      <UniqueIdentifier>{7a737210-0e1b-4cc7-be66-260e565a4b96}</UniqueIdentifier>
    </Filter>
    <Filter Include="ソース ファイル\Shader">
      <UniqueIdentifier>{c7c4829d-6498-42d8-8a0d-7ee6f352bc60}</UniqueIdentifier>
    </Filter>
    <Filter Include="ヘッダー ファイル\Shader">
      <UniqueIdentifier>{18a08ae8-76a7-40f8-a7d9-1b9488932bac}</UniqueIdentifier>
    </Filter>
    <Filter Include="リソース ファイル\hlsl\WaterSurface">
      <UniqueIdentifier>{5b6d8cff-ced2-4328-8ffa-c323892f688c}</UniqueIdentifier>
    </Filter>
    <Filter Include="ソース ファイル\02Game">
      <UniqueIdentifier>{e56b03ec-35ac-4dc1-baf5-2dc2eda1493a}</UniqueIdentifier>
    </Filter>
    <Filter Include="ソース ファイル\01Title">
      <UniqueIdentifier>{4453eda4-9f5d-4843-8761-2ccaacd963c9}</UniqueIdentifier>
    </Filter>
    <Filter Include="ソース ファイル\00Share">
      <UniqueIdentifier>{d08b995a-4da7-47df-9f8c-0dee3b45e91a}</UniqueIdentifier>
    </Filter>
    <Filter Include="ソース ファイル\02Game\Script">
      <UniqueIdentifier>{76f8d8e8-f351-44cc-85c0-d0d8433d1dc7}</UniqueIdentifier>
    </Filter>
    <Filter Include="ソース ファイル\00Share\Script">
      <UniqueIdentifier>{2ba48687-ef51-4752-b20d-8c077b3c3c1c}</UniqueIdentifier>
    </Filter>
    <Filter Include="ソース ファイル\01Title\Script">
      <UniqueIdentifier>{db23aa60-6a5e-438c-bdb6-29f0e2e7082e}</UniqueIdentifier>
    </Filter>
    <Filter Include="ソース ファイル\01Title\Scene">
      <UniqueIdentifier>{a2c5a7fa-56a7-4dee-afdc-e9e38c7ba31c}</UniqueIdentifier>
    </Filter>
    <Filter Include="ソース ファイル\02Game\Scene">
      <UniqueIdentifier>{10326e18-2b5a-4929-9483-828e6639e09f}</UniqueIdentifier>
    </Filter>
    <Filter Include="ソース ファイル\03Result">
      <UniqueIdentifier>{5ed2e765-799d-4d54-98d1-3ee22b228a90}</UniqueIdentifier>
    </Filter>
    <Filter Include="ヘッダー ファイル\00Share">
      <UniqueIdentifier>{0b069369-fd2b-4e4b-8b71-17e843636d37}</UniqueIdentifier>
    </Filter>
    <Filter Include="ヘッダー ファイル\01Title">
      <UniqueIdentifier>{5c018921-a41c-4f4e-bfc3-d86e41ac7eed}</UniqueIdentifier>
    </Filter>
    <Filter Include="ヘッダー ファイル\02Game">
      <UniqueIdentifier>{05ab3490-0a30-4817-b678-11f44bd5ce27}</UniqueIdentifier>
    </Filter>
    <Filter Include="ヘッダー ファイル\03Result">
      <UniqueIdentifier>{d34cefe8-ca72-4ad2-aabe-7cb30875aef0}</UniqueIdentifier>
    </Filter>
    <Filter Include="ヘッダー ファイル\00Share\Script">
      <UniqueIdentifier>{1f7786bb-9520-4bb6-9fe0-fc349a9995d6}</UniqueIdentifier>
    </Filter>
    <Filter Include="ヘッダー ファイル\01Title\Script">
      <UniqueIdentifier>{03c044cc-7050-4ea8-8e35-dfd39d23695b}</UniqueIdentifier>
    </Filter>
    <Filter Include="ヘッダー ファイル\02Game\Script">
      <UniqueIdentifier>{59d55793-8dc8-4520-a61b-23e0aefc595c}</UniqueIdentifier>
    </Filter>
    <Filter Include="ヘッダー ファイル\03Result\Script">
      <UniqueIdentifier>{73420dc6-79ac-4da3-824d-a7d968ae5338}</UniqueIdentifier>
    </Filter>
    <Filter Include="ヘッダー ファイル\00Share\Scene">
      <UniqueIdentifier>{4fb9d993-5708-4180-b1a2-245c89bcc4b8}</UniqueIdentifier>
    </Filter>
    <Filter Include="ヘッダー ファイル\01Title\Scene">
      <UniqueIdentifier>{0284d874-c013-4d4c-9685-c7cde65504b4}</UniqueIdentifier>
    </Filter>
    <Filter Include="ヘッダー ファイル\02Game\Scene">
      <UniqueIdentifier>{518cf01d-c659-4b27-8e1b-15bf564408a2}</UniqueIdentifier>
    </Filter>
    <Filter Include="ヘッダー ファイル\03Result\Scene">
      <UniqueIdentifier>{0ded16f6-b21c-4dde-9b77-24761600e437}</UniqueIdentifier>
    </Filter>
    <Filter Include="ソース ファイル\03Result\Scene">
      <UniqueIdentifier>{93b3d3bd-9d9d-4eb5-970c-9af19d69eb01}</UniqueIdentifier>
    </Filter>
    <Filter Include="ソース ファイル\03Result\Script">
      <UniqueIdentifier>{6ee018c0-3b4b-41d1-8008-772a6f05130c}</UniqueIdentifier>
    </Filter>
    <Filter Include="ヘッダー ファイル\System\Component">
      <UniqueIdentifier>{d362fef7-7460-4bf8-89e5-1ea7b8d03ab6}</UniqueIdentifier>
    </Filter>
    <Filter Include="ヘッダー ファイル\System\Object">
      <UniqueIdentifier>{3fc99516-3ab0-4057-baf1-5ba2d6fbc2c8}</UniqueIdentifier>
    </Filter>
    <Filter Include="ヘッダー ファイル\System\Scene">
      <UniqueIdentifier>{ea7c455f-1891-4643-8720-d095a1c534d9}</UniqueIdentifier>
    </Filter>
    <Filter Include="ヘッダー ファイル\System\Model">
      <UniqueIdentifier>{c70d85d5-8975-4066-afc6-80b6cfe6d3db}</UniqueIdentifier>
    </Filter>
    <Filter Include="ヘッダー ファイル\System\Texture">
      <UniqueIdentifier>{cf28dd33-8fb9-43ca-9cd8-33483ebea78b}</UniqueIdentifier>
    </Filter>
    <Filter Include="ソース ファイル\System\Component">
      <UniqueIdentifier>{399bef60-b21d-405e-82c0-d04c08e09aa3}</UniqueIdentifier>
    </Filter>
    <Filter Include="ソース ファイル\00Share\Game">
      <UniqueIdentifier>{e1695551-aaec-4dd5-88fc-165a19714235}</UniqueIdentifier>
    </Filter>
    <Filter Include="ソース ファイル\System\Model">
      <UniqueIdentifier>{ab675438-7c34-480d-b39d-302e205825b2}</UniqueIdentifier>
    </Filter>
    <Filter Include="ソース ファイル\System\Texture">
      <UniqueIdentifier>{1f3e3dc6-9e18-4b22-8ac2-d2fa31d261b3}</UniqueIdentifier>
    </Filter>
    <Filter Include="ソース ファイル\System\Scene">
      <UniqueIdentifier>{3d2c4a95-321b-4388-ab0a-f6daf7124526}</UniqueIdentifier>
    </Filter>
    <Filter Include="ソース ファイル\System\Object">
      <UniqueIdentifier>{0cc6209c-aee6-4d44-8d1b-378fa9b6fcdd}</UniqueIdentifier>
    </Filter>
    <Filter Include="ヘッダー ファイル\02Game\Script\Enemy">
      <UniqueIdentifier>{1788e3f4-68a1-4832-afb7-0442ddc4325a}</UniqueIdentifier>
    </Filter>
    <Filter Include="ヘッダー ファイル\02Game\Script\Player">
      <UniqueIdentifier>{9f8dded5-646f-4bf1-9c48-413d86648d44}</UniqueIdentifier>
    </Filter>
    <Filter Include="ヘッダー ファイル\02Game\Script\Bullet">
      <UniqueIdentifier>{b7ab2615-88dc-4b84-ba14-e50ad7546f3e}</UniqueIdentifier>
    </Filter>
    <Filter Include="ソース ファイル\02Game\Script\Enemy">
      <UniqueIdentifier>{f2d66c7c-68f0-4632-b37a-3df9a01e475d}</UniqueIdentifier>
    </Filter>
    <Filter Include="ソース ファイル\02Game\Script\Player">
      <UniqueIdentifier>{dd2fba09-4906-4894-ac60-ce63a0e28c47}</UniqueIdentifier>
    </Filter>
    <Filter Include="ソース ファイル\02Game\Script\Bullet">
      <UniqueIdentifier>{09f3f02f-f8a6-4f32-9428-2aff36e54d9e}</UniqueIdentifier>
    </Filter>
    <Filter Include="ヘッダー ファイル\02Game\Script\Particle">
      <UniqueIdentifier>{3cfacd35-a816-4570-9f33-75aec29f8b6a}</UniqueIdentifier>
    </Filter>
    <Filter Include="ソース ファイル\02Game\Script\Particle">
      <UniqueIdentifier>{e853f8ba-2062-40eb-a3bd-423b5036451a}</UniqueIdentifier>
    </Filter>
    <Filter Include="FBX">
      <UniqueIdentifier>{bd6d3904-3221-4e98-8eff-0bfadb7102f4}</UniqueIdentifier>
    </Filter>
  </ItemGroup>
  <ItemGroup>
    <ClCompile Include="main.cpp">
      <Filter>ソース ファイル</Filter>
    </ClCompile>
    <ClCompile Include="debugproc.cpp">
      <Filter>ソース ファイル\System</Filter>
    </ClCompile>
    <ClCompile Include="input.cpp">
      <Filter>ソース ファイル\System</Filter>
    </ClCompile>
    <ClCompile Include="System.cpp">
      <Filter>ソース ファイル\System</Filter>
    </ClCompile>
    <ClCompile Include="Shader.cpp">
      <Filter>ソース ファイル\System</Filter>
    </ClCompile>
    <ClCompile Include="Singleton.cpp">
      <Filter>ソース ファイル\System</Filter>
    </ClCompile>
    <ClCompile Include="D3DClass.cpp">
      <Filter>ソース ファイル\System</Filter>
    </ClCompile>
    <ClCompile Include="polygon.cpp">
      <Filter>ソース ファイル\System</Filter>
    </ClCompile>
    <ClCompile Include="Graphics.cpp">
      <Filter>ソース ファイル\System</Filter>
    </ClCompile>
    <ClCompile Include="Frame.cpp">
      <Filter>ソース ファイル\System</Filter>
    </ClCompile>
    <ClCompile Include="Data.cpp">
      <Filter>ソース ファイル\System</Filter>
    </ClCompile>
    <ClCompile Include="imgui.cpp">
      <Filter>リソース ファイル\ImGui</Filter>
    </ClCompile>
    <ClCompile Include="imgui_demo.cpp">
      <Filter>リソース ファイル\ImGui</Filter>
    </ClCompile>
    <ClCompile Include="imgui_draw.cpp">
      <Filter>リソース ファイル\ImGui</Filter>
    </ClCompile>
    <ClCompile Include="imgui_impl_dx11.cpp">
      <Filter>リソース ファイル\ImGui</Filter>
    </ClCompile>
    <ClCompile Include="imgui_impl_win32.cpp">
      <Filter>リソース ファイル\ImGui</Filter>
    </ClCompile>
    <ClCompile Include="imgui_widgets.cpp">
      <Filter>リソース ファイル\ImGui</Filter>
    </ClCompile>
    <ClCompile Include="Tween.cpp">
      <Filter>ソース ファイル\System</Filter>
    </ClCompile>
    <ClCompile Include="VertexShader.cpp">
      <Filter>ソース ファイル\Shader</Filter>
    </ClCompile>
    <ClCompile Include="ShaderManager.cpp">
      <Filter>ソース ファイル\Shader</Filter>
    </ClCompile>
    <ClCompile Include="ShaderBase.cpp">
      <Filter>ソース ファイル\Shader</Filter>
    </ClCompile>
    <ClCompile Include="PixelShader.cpp">
      <Filter>ソース ファイル\Shader</Filter>
    </ClCompile>
    <ClCompile Include="GeometryShader.cpp">
      <Filter>ソース ファイル\Shader</Filter>
    </ClCompile>
    <ClCompile Include="ShaderBuffer.cpp">
      <Filter>ソース ファイル\Shader</Filter>
    </ClCompile>
    <ClCompile Include="HullShader.cpp">
      <Filter>ソース ファイル\Shader</Filter>
    </ClCompile>
    <ClCompile Include="DomainShader.cpp">
      <Filter>ソース ファイル\Shader</Filter>
    </ClCompile>
    <ClCompile Include="State.cpp">
      <Filter>ソース ファイル\System</Filter>
    </ClCompile>
    <ClCompile Include="Camera.cpp">
      <Filter>ソース ファイル\00Share\Script</Filter>
    </ClCompile>
    <ClCompile Include="TPCamera.cpp">
      <Filter>ソース ファイル\02Game\Script</Filter>
    </ClCompile>
    <ClCompile Include="FPCamera.cpp">
      <Filter>ソース ファイル\02Game\Script</Filter>
    </ClCompile>
    <ClCompile Include="Character.cpp">
      <Filter>ソース ファイル\02Game\Script</Filter>
    </ClCompile>
    <ClCompile Include="Number.cpp">
      <Filter>ソース ファイル\02Game\Script</Filter>
    </ClCompile>
    <ClCompile Include="Score.cpp">
      <Filter>ソース ファイル\02Game\Script</Filter>
    </ClCompile>
    <ClCompile Include="Sky.cpp">
      <Filter>ソース ファイル\00Share\Script</Filter>
    </ClCompile>
    <ClCompile Include="TargetCtr.cpp">
      <Filter>ソース ファイル\02Game\Script</Filter>
    </ClCompile>
    <ClCompile Include="Status.cpp">
      <Filter>ソース ファイル\02Game\Script</Filter>
    </ClCompile>
    <ClCompile Include="Drop.cpp">
      <Filter>ソース ファイル\01Title\Script</Filter>
    </ClCompile>
    <ClCompile Include="GameScene.cpp">
      <Filter>ソース ファイル\02Game\Scene</Filter>
    </ClCompile>
    <ClCompile Include="TitleScene.cpp">
      <Filter>ソース ファイル\01Title\Scene</Filter>
    </ClCompile>
    <ClCompile Include="ggCamera.cpp">
      <Filter>ソース ファイル\00Share\Script</Filter>
    </ClCompile>
    <ClCompile Include="ResultScene.cpp">
      <Filter>ソース ファイル\03Result\Scene</Filter>
    </ClCompile>
    <ClCompile Include="Component.cpp">
      <Filter>ソース ファイル\System\Component</Filter>
    </ClCompile>
    <ClCompile Include="Rigidbody.cpp">
      <Filter>ソース ファイル\System\Component</Filter>
    </ClCompile>
    <ClCompile Include="Transform.cpp">
      <Filter>ソース ファイル\System\Component</Filter>
    </ClCompile>
    <ClCompile Include="Collision.cpp">
      <Filter>ソース ファイル\System\Component</Filter>
    </ClCompile>
    <ClCompile Include="CollisionMesh.cpp">
      <Filter>ソース ファイル\System\Component</Filter>
    </ClCompile>
    <ClCompile Include="Mesh.cpp">
      <Filter>ソース ファイル\System\Component</Filter>
    </ClCompile>
    <ClCompile Include="ModelManager.cpp">
      <Filter>ソース ファイル\System\Model</Filter>
    </ClCompile>
    <ClCompile Include="Texture.cpp">
      <Filter>ソース ファイル\System\Texture</Filter>
    </ClCompile>
    <ClCompile Include="TextureManager.cpp">
      <Filter>ソース ファイル\System\Texture</Filter>
    </ClCompile>
    <ClCompile Include="Scene.cpp">
      <Filter>ソース ファイル\System\Scene</Filter>
    </ClCompile>
    <ClCompile Include="SceneManager.cpp">
      <Filter>ソース ファイル\System\Scene</Filter>
    </ClCompile>
    <ClCompile Include="Object.cpp">
      <Filter>ソース ファイル\System\Object</Filter>
    </ClCompile>
    <ClCompile Include="GameObject.cpp">
      <Filter>ソース ファイル\System\Object</Filter>
    </ClCompile>
    <ClCompile Include="GameObject3D.cpp">
      <Filter>ソース ファイル\System\Object</Filter>
    </ClCompile>
    <ClCompile Include="GameObjectMesh.cpp">
      <Filter>ソース ファイル\System\Object</Filter>
    </ClCompile>
    <ClCompile Include="GameObjectMeshBase.cpp">
      <Filter>ソース ファイル\System\Object</Filter>
    </ClCompile>
    <ClCompile Include="GameObjectUI.cpp">
      <Filter>ソース ファイル\System\Object</Filter>
    </ClCompile>
    <ClCompile Include="WaterSurface.cpp">
      <Filter>ソース ファイル\System\Object</Filter>
    </ClCompile>
    <ClCompile Include="Bullet.cpp">
      <Filter>ソース ファイル\02Game\Script\Bullet</Filter>
    </ClCompile>
    <ClCompile Include="Laser.cpp">
      <Filter>ソース ファイル\02Game\Script\Bullet</Filter>
    </ClCompile>
    <ClCompile Include="Enemy.cpp">
      <Filter>ソース ファイル\02Game\Script\Enemy</Filter>
    </ClCompile>
    <ClCompile Include="EnemyOperation.cpp">
      <Filter>ソース ファイル\02Game\Script\Enemy</Filter>
    </ClCompile>
    <ClCompile Include="EnemyState.cpp">
      <Filter>ソース ファイル\02Game\Script\Enemy</Filter>
    </ClCompile>
    <ClCompile Include="PlayerMgr.cpp">
      <Filter>ソース ファイル\02Game\Script\Player</Filter>
    </ClCompile>
    <ClCompile Include="PlayerOperation.cpp">
      <Filter>ソース ファイル\02Game\Script\Player</Filter>
    </ClCompile>
    <ClCompile Include="PlayerState.cpp">
      <Filter>ソース ファイル\02Game\Script\Player</Filter>
    </ClCompile>
    <ClCompile Include="MeshBullet.cpp">
      <Filter>ソース ファイル\02Game\Script\Bullet</Filter>
    </ClCompile>
    <ClCompile Include="Explosion.cpp">
      <Filter>ソース ファイル\02Game\Script\Particle</Filter>
    </ClCompile>
    <ClCompile Include="EnemyFixed.cpp">
      <Filter>ソース ファイル\02Game\Script\Enemy</Filter>
    </ClCompile>
    <ClCompile Include="Light.cpp">
      <Filter>ソース ファイル\00Share\Script</Filter>
    </ClCompile>
    <ClCompile Include="ShaderBufferManager.cpp">
      <Filter>ソース ファイル\Shader</Filter>
    </ClCompile>
    <ClCompile Include="MissionState.cpp">
      <Filter>ソース ファイル\02Game\Script</Filter>
    </ClCompile>
    <ClCompile Include="FBX\FBXLoadAnimation.cpp">
      <Filter>FBX</Filter>
    </ClCompile>
    <ClCompile Include="FBX\FBXLoadBone.cpp">
      <Filter>FBX</Filter>
    </ClCompile>
    <ClCompile Include="FBX\FBXLoader.cpp">
      <Filter>FBX</Filter>
    </ClCompile>
    <ClCompile Include="FBX\FBXLoadMaterial.cpp">
      <Filter>FBX</Filter>
    </ClCompile>
    <ClCompile Include="FBX\FBXLoadMesh.cpp">
      <Filter>FBX</Filter>
    </ClCompile>
    <ClCompile Include="FBX\FBXPlayer.cpp">
      <Filter>FBX</Filter>
    </ClCompile>
    <ClCompile Include="DrawBuffer.cpp">
      <Filter>ソース ファイル\System</Filter>
    </ClCompile>
    <ClCompile Include="Geometory.cpp">
      <Filter>ソース ファイル\System</Filter>
    </ClCompile>
    <ClCompile Include="Material.cpp">
      <Filter>ソース ファイル\System\Component</Filter>
    </ClCompile>
  </ItemGroup>
  <ItemGroup>
    <ClInclude Include="D3DClass.h">
      <Filter>ヘッダー ファイル\System</Filter>
    </ClInclude>
    <ClInclude Include="debugproc.h">
      <Filter>ヘッダー ファイル\System</Filter>
    </ClInclude>
    <ClInclude Include="Frame.h">
      <Filter>ヘッダー ファイル\System</Filter>
    </ClInclude>
    <ClInclude Include="Graphics.h">
      <Filter>ヘッダー ファイル\System</Filter>
    </ClInclude>
    <ClInclude Include="input.h">
      <Filter>ヘッダー ファイル\System</Filter>
    </ClInclude>
    <ClInclude Include="polygon.h">
      <Filter>ヘッダー ファイル\System</Filter>
    </ClInclude>
    <ClInclude Include="Shader.h">
      <Filter>ヘッダー ファイル\System</Filter>
    </ClInclude>
    <ClInclude Include="System.h">
      <Filter>ヘッダー ファイル\System</Filter>
    </ClInclude>
    <ClInclude Include="resource.h">
      <Filter>ヘッダー ファイル\System</Filter>
    </ClInclude>
    <ClInclude Include="Singleton.h">
      <Filter>ヘッダー ファイル\System</Filter>
    </ClInclude>
    <ClInclude Include="main.h">
      <Filter>ヘッダー ファイル</Filter>
    </ClInclude>
    <ClInclude Include="Data.h">
      <Filter>ヘッダー ファイル\System</Filter>
    </ClInclude>
    <ClInclude Include="Tween.h">
      <Filter>ヘッダー ファイル\System</Filter>
    </ClInclude>
    <ClInclude Include="imconfig.h">
      <Filter>リソース ファイル\ImGui</Filter>
    </ClInclude>
    <ClInclude Include="imgui.h">
      <Filter>リソース ファイル\ImGui</Filter>
    </ClInclude>
    <ClInclude Include="imgui_impl_dx11.h">
      <Filter>リソース ファイル\ImGui</Filter>
    </ClInclude>
    <ClInclude Include="imgui_impl_win32.h">
      <Filter>リソース ファイル\ImGui</Filter>
    </ClInclude>
    <ClInclude Include="imgui_internal.h">
      <Filter>リソース ファイル\ImGui</Filter>
    </ClInclude>
    <ClInclude Include="PixelShader.h">
      <Filter>ヘッダー ファイル\Shader</Filter>
    </ClInclude>
    <ClInclude Include="ShaderBase.h">
      <Filter>ヘッダー ファイル\Shader</Filter>
    </ClInclude>
    <ClInclude Include="VertexShader.h">
      <Filter>ヘッダー ファイル\Shader</Filter>
    </ClInclude>
    <ClInclude Include="ShaderManager.h">
      <Filter>ヘッダー ファイル\Shader</Filter>
    </ClInclude>
    <ClInclude Include="GeometryShader.h">
      <Filter>ヘッダー ファイル\Shader</Filter>
    </ClInclude>
    <ClInclude Include="ShaderBuffer.h">
      <Filter>ヘッダー ファイル\Shader</Filter>
    </ClInclude>
    <ClInclude Include="HullShader.h">
      <Filter>ヘッダー ファイル\Shader</Filter>
    </ClInclude>
    <ClInclude Include="DomainShader.h">
      <Filter>ヘッダー ファイル\Shader</Filter>
    </ClInclude>
    <ClInclude Include="State.h">
      <Filter>ヘッダー ファイル\System</Filter>
    </ClInclude>
    <ClInclude Include="GameScene.h">
      <Filter>ヘッダー ファイル\02Game\Scene</Filter>
    </ClInclude>
    <ClInclude Include="ResultScene.h">
      <Filter>ヘッダー ファイル\03Result\Scene</Filter>
    </ClInclude>
    <ClInclude Include="TitleScene.h">
      <Filter>ヘッダー ファイル\01Title\Scene</Filter>
    </ClInclude>
    <ClInclude Include="TPCamera.h">
      <Filter>ヘッダー ファイル\02Game\Script</Filter>
    </ClInclude>
    <ClInclude Include="FPCamera.h">
      <Filter>ヘッダー ファイル\02Game\Script</Filter>
    </ClInclude>
    <ClInclude Include="Status.h">
      <Filter>ヘッダー ファイル\02Game\Script</Filter>
    </ClInclude>
    <ClInclude Include="TargetCtr.h">
      <Filter>ヘッダー ファイル\02Game\Script</Filter>
    </ClInclude>
    <ClInclude Include="Score.h">
      <Filter>ヘッダー ファイル\02Game\Script</Filter>
    </ClInclude>
    <ClInclude Include="Number.h">
      <Filter>ヘッダー ファイル\02Game\Script</Filter>
    </ClInclude>
    <ClInclude Include="Sky.h">
      <Filter>ヘッダー ファイル\00Share\Script</Filter>
    </ClInclude>
    <ClInclude Include="Camera.h">
      <Filter>ヘッダー ファイル\00Share\Script</Filter>
    </ClInclude>
    <ClInclude Include="ggCamera.h">
      <Filter>ヘッダー ファイル\00Share\Script</Filter>
    </ClInclude>
    <ClInclude Include="Character.h">
      <Filter>ヘッダー ファイル\02Game\Script</Filter>
    </ClInclude>
    <ClInclude Include="Drop.h">
      <Filter>ヘッダー ファイル\01Title\Script</Filter>
    </ClInclude>
    <ClInclude Include="Component.h">
      <Filter>ヘッダー ファイル\System\Component</Filter>
    </ClInclude>
    <ClInclude Include="Rigidbody.h">
      <Filter>ヘッダー ファイル\System\Component</Filter>
    </ClInclude>
    <ClInclude Include="Transform.h">
      <Filter>ヘッダー ファイル\System\Component</Filter>
    </ClInclude>
    <ClInclude Include="Mesh.h">
      <Filter>ヘッダー ファイル\System\Component</Filter>
    </ClInclude>
    <ClInclude Include="Object.h">
      <Filter>ヘッダー ファイル\System\Object</Filter>
    </ClInclude>
    <ClInclude Include="GameObject.h">
      <Filter>ヘッダー ファイル\System\Object</Filter>
    </ClInclude>
    <ClInclude Include="GameObject3D.h">
      <Filter>ヘッダー ファイル\System\Object</Filter>
    </ClInclude>
    <ClInclude Include="GameObjectMesh.h">
      <Filter>ヘッダー ファイル\System\Object</Filter>
    </ClInclude>
    <ClInclude Include="GameObjectMeshBase.h">
      <Filter>ヘッダー ファイル\System\Object</Filter>
    </ClInclude>
    <ClInclude Include="GameObjectUI.h">
      <Filter>ヘッダー ファイル\System\Object</Filter>
    </ClInclude>
    <ClInclude Include="WaterSurface.h">
      <Filter>ヘッダー ファイル\System\Object</Filter>
    </ClInclude>
    <ClInclude Include="Scene.h">
      <Filter>ヘッダー ファイル\System\Scene</Filter>
    </ClInclude>
    <ClInclude Include="SceneManager.h">
      <Filter>ヘッダー ファイル\System\Scene</Filter>
    </ClInclude>
    <ClInclude Include="ModelManager.h">
      <Filter>ヘッダー ファイル\System\Model</Filter>
    </ClInclude>
    <ClInclude Include="Texture.h">
      <Filter>ヘッダー ファイル\System\Texture</Filter>
    </ClInclude>
    <ClInclude Include="TextureManager.h">
      <Filter>ヘッダー ファイル\System\Texture</Filter>
    </ClInclude>
    <ClInclude Include="Collision.h">
      <Filter>ヘッダー ファイル\System\Component</Filter>
    </ClInclude>
    <ClInclude Include="CollisionMesh.h">
      <Filter>ヘッダー ファイル\System\Component</Filter>
    </ClInclude>
    <ClInclude Include="PlayerOperation.h">
      <Filter>ヘッダー ファイル\02Game\Script\Player</Filter>
    </ClInclude>
    <ClInclude Include="PlayerMgr.h">
      <Filter>ヘッダー ファイル\02Game\Script\Player</Filter>
    </ClInclude>
    <ClInclude Include="PlayerState.h">
      <Filter>ヘッダー ファイル\02Game\Script\Player</Filter>
    </ClInclude>
    <ClInclude Include="Enemy.h">
      <Filter>ヘッダー ファイル\02Game\Script\Enemy</Filter>
    </ClInclude>
    <ClInclude Include="EnemyOperation.h">
      <Filter>ヘッダー ファイル\02Game\Script\Enemy</Filter>
    </ClInclude>
    <ClInclude Include="EnemyState.h">
      <Filter>ヘッダー ファイル\02Game\Script\Enemy</Filter>
    </ClInclude>
    <ClInclude Include="Bullet.h">
      <Filter>ヘッダー ファイル\02Game\Script\Bullet</Filter>
    </ClInclude>
    <ClInclude Include="Laser.h">
      <Filter>ヘッダー ファイル\02Game\Script\Bullet</Filter>
    </ClInclude>
    <ClInclude Include="MeshBullet.h">
      <Filter>ヘッダー ファイル\02Game\Script\Bullet</Filter>
    </ClInclude>
    <ClInclude Include="Explosion.h">
      <Filter>ヘッダー ファイル\02Game\Script\Particle</Filter>
    </ClInclude>
    <ClInclude Include="EnemyFixed.h">
      <Filter>ヘッダー ファイル\02Game\Script\Enemy</Filter>
    </ClInclude>
    <ClInclude Include="Light.h">
      <Filter>ヘッダー ファイル\00Share\Script</Filter>
    </ClInclude>
    <ClInclude Include="ShaderBufferManager.h">
      <Filter>ヘッダー ファイル\Shader</Filter>
    </ClInclude>
    <ClInclude Include="MissionState.h">
      <Filter>ヘッダー ファイル\02Game\Script</Filter>
    </ClInclude>
    <ClInclude Include="FBX\FBXLoadAnimation.h">
      <Filter>FBX</Filter>
    </ClInclude>
    <ClInclude Include="FBX\FBXLoadBone.h">
      <Filter>FBX</Filter>
    </ClInclude>
    <ClInclude Include="FBX\FBXLoader.h">
      <Filter>FBX</Filter>
    </ClInclude>
    <ClInclude Include="FBX\FBXLoadMaterial.h">
      <Filter>FBX</Filter>
    </ClInclude>
    <ClInclude Include="FBX\FBXLoadMesh.h">
      <Filter>FBX</Filter>
    </ClInclude>
    <ClInclude Include="FBX\FBXPlayer.h">
      <Filter>FBX</Filter>
    </ClInclude>
    <ClInclude Include="Geometory.h">
      <Filter>ヘッダー ファイル\System</Filter>
    </ClInclude>
    <ClInclude Include="Material.h">
      <Filter>ヘッダー ファイル\System\Component</Filter>
    </ClInclude>
    <ClInclude Include="DrawBuffer.h">
      <Filter>ヘッダー ファイル\System</Filter>
    </ClInclude>
  </ItemGroup>
  <ItemGroup>
    <FxCompile Include="MonochromePS.hlsl">
      <Filter>リソース ファイル\hlsl</Filter>
    </FxCompile>
    <FxCompile Include="GeometryShader.hlsl">
      <Filter>リソース ファイル\hlsl</Filter>
    </FxCompile>
    <FxCompile Include="LineGS.hlsl">
      <Filter>リソース ファイル\hlsl</Filter>
    </FxCompile>
    <FxCompile Include="Pixel2D.hlsl">
      <Filter>リソース ファイル\hlsl</Filter>
    </FxCompile>
    <FxCompile Include="Vertex2D.hlsl">
      <Filter>リソース ファイル\hlsl</Filter>
    </FxCompile>
    <FxCompile Include="Geometry2D.hlsl">
      <Filter>リソース ファイル\hlsl</Filter>
    </FxCompile>
    <FxCompile Include="PhongPS.hlsl">
      <Filter>リソース ファイル\hlsl</Filter>
    </FxCompile>
    <FxCompile Include="VertexShader.hlsl">
      <Filter>リソース ファイル\hlsl</Filter>
    </FxCompile>
    <FxCompile Include="ToonPS.hlsl">
      <Filter>リソース ファイル\hlsl</Filter>
    </FxCompile>
    <FxCompile Include="WaterSurfaceVS.hlsl">
      <Filter>リソース ファイル\hlsl\WaterSurface</Filter>
    </FxCompile>
    <FxCompile Include="WaterSurfaceHS.hlsl">
      <Filter>リソース ファイル\hlsl\WaterSurface</Filter>
    </FxCompile>
    <FxCompile Include="WaterSurfaceDS.hlsl">
      <Filter>リソース ファイル\hlsl\WaterSurface</Filter>
    </FxCompile>
    <FxCompile Include="WaterSurfacePS.hlsl">
      <Filter>リソース ファイル\hlsl\WaterSurface</Filter>
    </FxCompile>
    <FxCompile Include="PixelShader.hlsl">
      <Filter>リソース ファイル\hlsl</Filter>
    </FxCompile>
    <FxCompile Include="MeshVS.hlsl">
      <Filter>リソース ファイル\hlsl</Filter>
    </FxCompile>
  </ItemGroup>
  <ItemGroup>
    <ResourceCompile Include="sampleFBX.rc">
      <Filter>リソース ファイル</Filter>
    </ResourceCompile>
  </ItemGroup>
  <ItemGroup>
    <Image Include="res\directx.ico">
      <Filter>リソース ファイル</Filter>
    </Image>
  </ItemGroup>
</Project>